
Microsoft Visual Studio Solution File, Format Version 12.00
# Visual Studio Version 17
VisualStudioVersion = 17.6.33829.357
MinimumVisualStudioVersion = 10.0.40219.1
Project("{9A19103F-16F7-4668-BE54-9A1E7A4F7556}") = "Clase_1", "Clase_1\Clase_1.csproj", "{098ECFCC-6122-48C3-8DFC-7339FE7D6BDD}"
EndProject
Project("{9A19103F-16F7-4668-BE54-9A1E7A4F7556}") = "Clase_2", "Clase_2\Clase_2.csproj", "{FA8A80E8-CE37-4BE7-BD47-97DAD5490E65}"
EndProject
Project("{9A19103F-16F7-4668-BE54-9A1E7A4F7556}") = "Clase_3", "Clase_3\Clase_3.csproj", "{BC0B4F15-BD1A-4A69-8DE6-4FAA4E023E61}"
EndProject
Project("{9A19103F-16F7-4668-BE54-9A1E7A4F7556}") = "Clase_3_Ejercicio_1", "Clase_3_Ejercicios\Clase_3_Ejercicio_1.csproj", "{BFFC8F1E-CDCA-4313-B964-36FC9F7BE0BA}"
EndProject
Project("{9A19103F-16F7-4668-BE54-9A1E7A4F7556}") = "Clase_3_Ejercicio_2", "Clase_3_Ejercicio_2\Clase_3_Ejercicio_2.csproj", "{E98AFFB7-5B01-475C-93B4-63FBDAB3FCFF}"
EndProject
Project("{9A19103F-16F7-4668-BE54-9A1E7A4F7556}") = "Clase_4", "Clase_4\Clase_4.csproj", "{505D2AFE-4F5D-43B9-AF8F-68F1B81F9EFD}"
EndProject
Project("{9A19103F-16F7-4668-BE54-9A1E7A4F7556}") = "ClasesNegocios", "ClasesNegocios\ClasesNegocios.csproj", "{A417B984-461A-4532-ACFA-890A647AD5BF}"
EndProject
Project("{2150E333-8FDC-42A3-9474-1A3956D46DE8}") = "Clase3", "Clase3", "{5EB889D4-92A0-48FE-BB70-4EB110E2542A}"
EndProject
Project("{2150E333-8FDC-42A3-9474-1A3956D46DE8}") = "Clase1", "Clase1", "{944216AF-80CD-4FC0-9318-C3FCC0D517C5}"
EndProject
Project("{2150E333-8FDC-42A3-9474-1A3956D46DE8}") = "Clase2", "Clase2", "{A13C7F31-B209-47FB-B791-7B501AB35869}"
EndProject
Project("{2150E333-8FDC-42A3-9474-1A3956D46DE8}") = "Clase4", "Clase4", "{5135B679-0117-46B7-8C4A-2710404D8B13}"
EndProject
Project("{9A19103F-16F7-4668-BE54-9A1E7A4F7556}") = "Ejercicio_I01_Sumador", "Ejercicio_I01_Sumador\Ejercicio_I01_Sumador.csproj", "{D3C6A24F-13F2-4053-817E-4D0D761CFE73}"
EndProject
Project("{9A19103F-16F7-4668-BE54-9A1E7A4F7556}") = "Ejercicio_I02_Cotizador", "Ejercicio_I02_Cotizador\Ejercicio_I02_Cotizador.csproj", "{3A85F6A5-A72D-430D-B498-6DCE2313BF66}"
EndProject
Project("{9A19103F-16F7-4668-BE54-9A1E7A4F7556}") = "Billetes", "ClasesCotizador\Billetes.csproj", "{2AC97C73-A250-46A9-BD0A-F4BCCBF14BE9}"
EndProject
Project("{9A19103F-16F7-4668-BE54-9A1E7A4F7556}") = "Ej_Sumador_Main", "Ej_Sumador_Main\Ej_Sumador_Main.csproj", "{E7C212A8-6DC0-420E-B164-62C874CBA01B}"
EndProject
Project("{2150E333-8FDC-42A3-9474-1A3956D46DE8}") = "Clase5", "Clase5", "{A9441971-8646-4B5C-8DB7-638A616CC6B8}"
EndProject
Project("{9A19103F-16F7-4668-BE54-9A1E7A4F7556}") = "Clase_5", "Clase_5\Clase_5.csproj", "{53F63CAB-6E26-4FD6-8BDF-D35ABFAD01B5}"
EndProject
Project("{FAE04EC0-301F-11D3-BF4B-00C04F79EFBC}") = "Ejercicio_Colecciones", "Ejercicio_Colecciones\Ejercicio_Colecciones.csproj", "{A1A70068-99A8-47A9-9DD1-78E42F3553BF}"
EndProject
Project("{FAE04EC0-301F-11D3-BF4B-00C04F79EFBC}") = "Clases_Ej_Colecciones", "Clases_Ej_Colecciones\Clases_Ej_Colecciones.csproj", "{C9B73A6D-F7A6-48E5-BE71-5CEAE5C49307}"
EndProject
Global
	GlobalSection(SolutionConfigurationPlatforms) = preSolution
		Debug|Any CPU = Debug|Any CPU
		Release|Any CPU = Release|Any CPU
	EndGlobalSection
	GlobalSection(ProjectConfigurationPlatforms) = postSolution
		{098ECFCC-6122-48C3-8DFC-7339FE7D6BDD}.Debug|Any CPU.ActiveCfg = Debug|Any CPU
		{098ECFCC-6122-48C3-8DFC-7339FE7D6BDD}.Debug|Any CPU.Build.0 = Debug|Any CPU
		{098ECFCC-6122-48C3-8DFC-7339FE7D6BDD}.Release|Any CPU.ActiveCfg = Release|Any CPU
		{098ECFCC-6122-48C3-8DFC-7339FE7D6BDD}.Release|Any CPU.Build.0 = Release|Any CPU
		{FA8A80E8-CE37-4BE7-BD47-97DAD5490E65}.Debug|Any CPU.ActiveCfg = Debug|Any CPU
		{FA8A80E8-CE37-4BE7-BD47-97DAD5490E65}.Debug|Any CPU.Build.0 = Debug|Any CPU
		{FA8A80E8-CE37-4BE7-BD47-97DAD5490E65}.Release|Any CPU.ActiveCfg = Release|Any CPU
		{FA8A80E8-CE37-4BE7-BD47-97DAD5490E65}.Release|Any CPU.Build.0 = Release|Any CPU
		{BC0B4F15-BD1A-4A69-8DE6-4FAA4E023E61}.Debug|Any CPU.ActiveCfg = Debug|Any CPU
		{BC0B4F15-BD1A-4A69-8DE6-4FAA4E023E61}.Debug|Any CPU.Build.0 = Debug|Any CPU
		{BC0B4F15-BD1A-4A69-8DE6-4FAA4E023E61}.Release|Any CPU.ActiveCfg = Release|Any CPU
		{BC0B4F15-BD1A-4A69-8DE6-4FAA4E023E61}.Release|Any CPU.Build.0 = Release|Any CPU
		{BFFC8F1E-CDCA-4313-B964-36FC9F7BE0BA}.Debug|Any CPU.ActiveCfg = Debug|Any CPU
		{BFFC8F1E-CDCA-4313-B964-36FC9F7BE0BA}.Debug|Any CPU.Build.0 = Debug|Any CPU
		{BFFC8F1E-CDCA-4313-B964-36FC9F7BE0BA}.Release|Any CPU.ActiveCfg = Release|Any CPU
		{BFFC8F1E-CDCA-4313-B964-36FC9F7BE0BA}.Release|Any CPU.Build.0 = Release|Any CPU
		{E98AFFB7-5B01-475C-93B4-63FBDAB3FCFF}.Debug|Any CPU.ActiveCfg = Debug|Any CPU
		{E98AFFB7-5B01-475C-93B4-63FBDAB3FCFF}.Debug|Any CPU.Build.0 = Debug|Any CPU
		{E98AFFB7-5B01-475C-93B4-63FBDAB3FCFF}.Release|Any CPU.ActiveCfg = Release|Any CPU
		{E98AFFB7-5B01-475C-93B4-63FBDAB3FCFF}.Release|Any CPU.Build.0 = Release|Any CPU
		{505D2AFE-4F5D-43B9-AF8F-68F1B81F9EFD}.Debug|Any CPU.ActiveCfg = Debug|Any CPU
		{505D2AFE-4F5D-43B9-AF8F-68F1B81F9EFD}.Debug|Any CPU.Build.0 = Debug|Any CPU
		{505D2AFE-4F5D-43B9-AF8F-68F1B81F9EFD}.Release|Any CPU.ActiveCfg = Release|Any CPU
		{505D2AFE-4F5D-43B9-AF8F-68F1B81F9EFD}.Release|Any CPU.Build.0 = Release|Any CPU
		{A417B984-461A-4532-ACFA-890A647AD5BF}.Debug|Any CPU.ActiveCfg = Debug|Any CPU
		{A417B984-461A-4532-ACFA-890A647AD5BF}.Debug|Any CPU.Build.0 = Debug|Any CPU
		{A417B984-461A-4532-ACFA-890A647AD5BF}.Release|Any CPU.ActiveCfg = Release|Any CPU
		{A417B984-461A-4532-ACFA-890A647AD5BF}.Release|Any CPU.Build.0 = Release|Any CPU
		{D3C6A24F-13F2-4053-817E-4D0D761CFE73}.Debug|Any CPU.ActiveCfg = Debug|Any CPU
		{D3C6A24F-13F2-4053-817E-4D0D761CFE73}.Debug|Any CPU.Build.0 = Debug|Any CPU
		{D3C6A24F-13F2-4053-817E-4D0D761CFE73}.Release|Any CPU.ActiveCfg = Release|Any CPU
		{D3C6A24F-13F2-4053-817E-4D0D761CFE73}.Release|Any CPU.Build.0 = Release|Any CPU
		{3A85F6A5-A72D-430D-B498-6DCE2313BF66}.Debug|Any CPU.ActiveCfg = Debug|Any CPU
		{3A85F6A5-A72D-430D-B498-6DCE2313BF66}.Debug|Any CPU.Build.0 = Debug|Any CPU
		{3A85F6A5-A72D-430D-B498-6DCE2313BF66}.Release|Any CPU.ActiveCfg = Release|Any CPU
		{3A85F6A5-A72D-430D-B498-6DCE2313BF66}.Release|Any CPU.Build.0 = Release|Any CPU
		{2AC97C73-A250-46A9-BD0A-F4BCCBF14BE9}.Debug|Any CPU.ActiveCfg = Debug|Any CPU
		{2AC97C73-A250-46A9-BD0A-F4BCCBF14BE9}.Debug|Any CPU.Build.0 = Debug|Any CPU
		{2AC97C73-A250-46A9-BD0A-F4BCCBF14BE9}.Release|Any CPU.ActiveCfg = Release|Any CPU
		{2AC97C73-A250-46A9-BD0A-F4BCCBF14BE9}.Release|Any CPU.Build.0 = Release|Any CPU
		{E7C212A8-6DC0-420E-B164-62C874CBA01B}.Debug|Any CPU.ActiveCfg = Debug|Any CPU
		{E7C212A8-6DC0-420E-B164-62C874CBA01B}.Debug|Any CPU.Build.0 = Debug|Any CPU
		{E7C212A8-6DC0-420E-B164-62C874CBA01B}.Release|Any CPU.ActiveCfg = Release|Any CPU
		{E7C212A8-6DC0-420E-B164-62C874CBA01B}.Release|Any CPU.Build.0 = Release|Any CPU
		{53F63CAB-6E26-4FD6-8BDF-D35ABFAD01B5}.Debug|Any CPU.ActiveCfg = Debug|Any CPU
		{53F63CAB-6E26-4FD6-8BDF-D35ABFAD01B5}.Debug|Any CPU.Build.0 = Debug|Any CPU
		{53F63CAB-6E26-4FD6-8BDF-D35ABFAD01B5}.Release|Any CPU.ActiveCfg = Release|Any CPU
		{53F63CAB-6E26-4FD6-8BDF-D35ABFAD01B5}.Release|Any CPU.Build.0 = Release|Any CPU
		{A1A70068-99A8-47A9-9DD1-78E42F3553BF}.Debug|Any CPU.ActiveCfg = Debug|Any CPU
		{A1A70068-99A8-47A9-9DD1-78E42F3553BF}.Debug|Any CPU.Build.0 = Debug|Any CPU
		{A1A70068-99A8-47A9-9DD1-78E42F3553BF}.Release|Any CPU.ActiveCfg = Release|Any CPU
		{A1A70068-99A8-47A9-9DD1-78E42F3553BF}.Release|Any CPU.Build.0 = Release|Any CPU
		{C9B73A6D-F7A6-48E5-BE71-5CEAE5C49307}.Debug|Any CPU.ActiveCfg = Debug|Any CPU
		{C9B73A6D-F7A6-48E5-BE71-5CEAE5C49307}.Debug|Any CPU.Build.0 = Debug|Any CPU
		{C9B73A6D-F7A6-48E5-BE71-5CEAE5C49307}.Release|Any CPU.ActiveCfg = Release|Any CPU
		{C9B73A6D-F7A6-48E5-BE71-5CEAE5C49307}.Release|Any CPU.Build.0 = Release|Any CPU
	EndGlobalSection
	GlobalSection(SolutionProperties) = preSolution
		HideSolutionNode = FALSE
	EndGlobalSection
	GlobalSection(NestedProjects) = preSolution
		{098ECFCC-6122-48C3-8DFC-7339FE7D6BDD} = {944216AF-80CD-4FC0-9318-C3FCC0D517C5}
		{FA8A80E8-CE37-4BE7-BD47-97DAD5490E65} = {A13C7F31-B209-47FB-B791-7B501AB35869}
		{BC0B4F15-BD1A-4A69-8DE6-4FAA4E023E61} = {5EB889D4-92A0-48FE-BB70-4EB110E2542A}
		{BFFC8F1E-CDCA-4313-B964-36FC9F7BE0BA} = {5EB889D4-92A0-48FE-BB70-4EB110E2542A}
		{E98AFFB7-5B01-475C-93B4-63FBDAB3FCFF} = {5EB889D4-92A0-48FE-BB70-4EB110E2542A}
		{505D2AFE-4F5D-43B9-AF8F-68F1B81F9EFD} = {5135B679-0117-46B7-8C4A-2710404D8B13}
		{A417B984-461A-4532-ACFA-890A647AD5BF} = {5135B679-0117-46B7-8C4A-2710404D8B13}
		{D3C6A24F-13F2-4053-817E-4D0D761CFE73} = {5135B679-0117-46B7-8C4A-2710404D8B13}
		{3A85F6A5-A72D-430D-B498-6DCE2313BF66} = {5135B679-0117-46B7-8C4A-2710404D8B13}
		{2AC97C73-A250-46A9-BD0A-F4BCCBF14BE9} = {5135B679-0117-46B7-8C4A-2710404D8B13}
		{E7C212A8-6DC0-420E-B164-62C874CBA01B} = {5135B679-0117-46B7-8C4A-2710404D8B13}
		{53F63CAB-6E26-4FD6-8BDF-D35ABFAD01B5} = {A9441971-8646-4B5C-8DB7-638A616CC6B8}
		{A1A70068-99A8-47A9-9DD1-78E42F3553BF} = {A9441971-8646-4B5C-8DB7-638A616CC6B8}
		{C9B73A6D-F7A6-48E5-BE71-5CEAE5C49307} = {A9441971-8646-4B5C-8DB7-638A616CC6B8}
	EndGlobalSection
	GlobalSection(ExtensibilityGlobals) = postSolution
		SolutionGuid = {4A4621B5-211A-4750-AEBD-EB4E7C215654}
	EndGlobalSection
EndGlobal
